// !$*UTF8*$!
{
	archiveVersion = 1;
	classes = {
	};
	objectVersion = 50;
	objects = {

/* Begin PBXBuildFile section */
		2D52C46B23C31C7D00AEB8B4 /* AppDelegate.swift in Sources */ = {isa = PBXBuildFile; fileRef = 2D52C46A23C31C7D00AEB8B4 /* AppDelegate.swift */; };
		2D52C46D23C31C7D00AEB8B4 /* SceneDelegate.swift in Sources */ = {isa = PBXBuildFile; fileRef = 2D52C46C23C31C7D00AEB8B4 /* SceneDelegate.swift */; };
		2D52C46F23C31C7D00AEB8B4 /* ViewController.swift in Sources */ = {isa = PBXBuildFile; fileRef = 2D52C46E23C31C7D00AEB8B4 /* ViewController.swift */; };
		2D52C47223C31C7D00AEB8B4 /* Main.storyboard in Resources */ = {isa = PBXBuildFile; fileRef = 2D52C47023C31C7D00AEB8B4 /* Main.storyboard */; };
		2D52C47423C31C7F00AEB8B4 /* Assets.xcassets in Resources */ = {isa = PBXBuildFile; fileRef = 2D52C47323C31C7F00AEB8B4 /* Assets.xcassets */; };
		2D52C47723C31C7F00AEB8B4 /* LaunchScreen.storyboard in Resources */ = {isa = PBXBuildFile; fileRef = 2D52C47523C31C7F00AEB8B4 /* LaunchScreen.storyboard */; };
/* End PBXBuildFile section */

/* Begin PBXFileReference section */
		2D52C46723C31C7D00AEB8B4 /* PlayerSample.app */ = {isa = PBXFileReference; explicitFileType = wrapper.application; includeInIndex = 0; path = PlayerSample.app; sourceTree = BUILT_PRODUCTS_DIR; };
		2D52C46A23C31C7D00AEB8B4 /* AppDelegate.swift */ = {isa = PBXFileReference; lastKnownFileType = sourcecode.swift; path = AppDelegate.swift; sourceTree = "<group>"; };
		2D52C46C23C31C7D00AEB8B4 /* SceneDelegate.swift */ = {isa = PBXFileReference; lastKnownFileType = sourcecode.swift; path = SceneDelegate.swift; sourceTree = "<group>"; };
		2D52C46E23C31C7D00AEB8B4 /* ViewController.swift */ = {isa = PBXFileReference; lastKnownFileType = sourcecode.swift; path = ViewController.swift; sourceTree = "<group>"; };
		2D52C47123C31C7D00AEB8B4 /* Base */ = {isa = PBXFileReference; lastKnownFileType = file.storyboard; name = Base; path = Base.lproj/Main.storyboard; sourceTree = "<group>"; };
		2D52C47323C31C7F00AEB8B4 /* Assets.xcassets */ = {isa = PBXFileReference; lastKnownFileType = folder.assetcatalog; path = Assets.xcassets; sourceTree = "<group>"; };
		2D52C47623C31C7F00AEB8B4 /* Base */ = {isa = PBXFileReference; lastKnownFileType = file.storyboard; name = Base; path = Base.lproj/LaunchScreen.storyboard; sourceTree = "<group>"; };
		2D52C47823C31C7F00AEB8B4 /* Info.plist */ = {isa = PBXFileReference; lastKnownFileType = text.plist.xml; path = Info.plist; sourceTree = "<group>"; };
/* End PBXFileReference section */

/* Begin PBXFrameworksBuildPhase section */
		2D52C46423C31C7D00AEB8B4 /* Frameworks */ = {
			isa = PBXFrameworksBuildPhase;
			buildActionMask = 2147483647;
			files = (
			);
			runOnlyForDeploymentPostprocessing = 0;
		};
/* End PBXFrameworksBuildPhase section */

/* Begin PBXGroup section */
		2D52C45E23C31C7D00AEB8B4 = {
			isa = PBXGroup;
			children = (
				2D52C46923C31C7D00AEB8B4 /* PlayerSample */,
				2D52C46823C31C7D00AEB8B4 /* Products */,
			);
			sourceTree = "<group>";
		};
		2D52C46823C31C7D00AEB8B4 /* Products */ = {
			isa = PBXGroup;
			children = (
				2D52C46723C31C7D00AEB8B4 /* PlayerSample.app */,
			);
			name = Products;
			sourceTree = "<group>";
		};
		2D52C46923C31C7D00AEB8B4 /* PlayerSample */ = {
			isa = PBXGroup;
			children = (
				2D52C46A23C31C7D00AEB8B4 /* AppDelegate.swift */,
				2D52C46C23C31C7D00AEB8B4 /* SceneDelegate.swift */,
				2D52C46E23C31C7D00AEB8B4 /* ViewController.swift */,
				2D52C47023C31C7D00AEB8B4 /* Main.storyboard */,
				2D52C47323C31C7F00AEB8B4 /* Assets.xcassets */,
				2D52C47523C31C7F00AEB8B4 /* LaunchScreen.storyboard */,
				2D52C47823C31C7F00AEB8B4 /* Info.plist */,
			);
			path = PlayerSample;
			sourceTree = "<group>";
		};
/* End PBXGroup section */

/* Begin PBXNativeTarget section */
		2D52C46623C31C7D00AEB8B4 /* PlayerSample */ = {
			isa = PBXNativeTarget;
			buildConfigurationList = 2D52C47B23C31C7F00AEB8B4 /* Build configuration list for PBXNativeTarget "PlayerSample" */;
			buildPhases = (
				2D52C46323C31C7D00AEB8B4 /* Sources */,
				2D52C46423C31C7D00AEB8B4 /* Frameworks */,
				2D52C46523C31C7D00AEB8B4 /* Resources */,
			);
			buildRules = (
			);
			dependencies = (
			);
			name = PlayerSample;
			productName = PlayerSample;
			productReference = 2D52C46723C31C7D00AEB8B4 /* PlayerSample.app */;
			productType = "com.apple.product-type.application";
		};
/* End PBXNativeTarget section */

/* Begin PBXProject section */
		2D52C45F23C31C7D00AEB8B4 /* Project object */ = {
			isa = PBXProject;
			attributes = {
				LastSwiftUpdateCheck = 1130;
				LastUpgradeCheck = 1130;
				ORGANIZATIONNAME = imamurh;
				TargetAttributes = {
					2D52C46623C31C7D00AEB8B4 = {
						CreatedOnToolsVersion = 11.3;
					};
				};
			};
			buildConfigurationList = 2D52C46223C31C7D00AEB8B4 /* Build configuration list for PBXProject "PlayerSample" */;
			compatibilityVersion = "Xcode 9.3";
			developmentRegion = en;
			hasScannedForEncodings = 0;
			knownRegions = (
				en,
				Base,
			);
			mainGroup = 2D52C45E23C31C7D00AEB8B4;
			productRefGroup = 2D52C46823C31C7D00AEB8B4 /* Products */;
			projectDirPath = "";
			projectRoot = "";
			targets = (
				2D52C46623C31C7D00AEB8B4 /* PlayerSample */,
			);
		};
/* End PBXProject section */

/* Begin PBXResourcesBuildPhase section */
		2D52C46523C31C7D00AEB8B4 /* Resources */ = {
			isa = PBXResourcesBuildPhase;
			buildActionMask = 2147483647;
			files = (
				2D52C47723C31C7F00AEB8B4 /* LaunchScreen.storyboard in Resources */,
				2D52C47423C31C7F00AEB8B4 /* Assets.xcassets in Resources */,
				2D52C47223C31C7D00AEB8B4 /* Main.storyboard in Resources */,
			);
			runOnlyForDeploymentPostprocessing = 0;
		};
/* End PBXResourcesBuildPhase section */

/* Begin PBXSourcesBuildPhase section */
		2D52C46323C31C7D00AEB8B4 /* Sources */ = {
			isa = PBXSourcesBuildPhase;
			buildActionMask = 2147483647;
			files = (
				2D52C46F23C31C7D00AEB8B4 /* ViewController.swift in Sources */,
				2D52C46B23C31C7D00AEB8B4 /* AppDelegate.swift in Sources */,
				2D52C46D23C31C7D00AEB8B4 /* SceneDelegate.swift in Sources */,
			);
			runOnlyForDeploymentPostprocessing = 0;
		};
/* End PBXSourcesBuildPhase section */

/* Begin PBXVariantGroup section */
		2D52C47023C31C7D00AEB8B4 /* Main.storyboard */ = {
			isa = PBXVariantGroup;
			children = (
				2D52C47123C31C7D00AEB8B4 /* Base */,
			);
			name = Main.storyboard;
			sourceTree = "<group>";
		};
		2D52C47523C31C7F00AEB8B4 /* LaunchScreen.storyboard */ = {
			isa = PBXVariantGroup;
			children = (
				2D52C47623C31C7F00AEB8B4 /* Base */,
			);
			name = LaunchScreen.storyboard;
			sourceTree = "<group>";
		};
/* End PBXVariantGroup section */

/* Begin XCBuildConfiguration section */
		2D52C47923C31C7F00AEB8B4 /* Debug */ = {
			isa = XCBuildConfiguration;
			buildSettings = {
				ALWAYS_SEARCH_USER_PATHS = NO;
				CLANG_ANALYZER_NONNULL = YES;
				CLANG_ANALYZER_NUMBER_OBJECT_CONVERSION = YES_AGGRESSIVE;
				CLANG_CXX_LANGUAGE_STANDARD = "gnu++14";
				CLANG_CXX_LIBRARY = "libc++";
				CLANG_ENABLE_MODULES = YES;
				CLANG_ENABLE_OBJC_ARC = YES;
				CLANG_ENABLE_OBJC_WEAK = YES;
				CLANG_WARN_BLOCK_CAPTURE_AUTORELEASING = YES;
				CLANG_WARN_BOOL_CONVERSION = YES;
				CLANG_WARN_COMMA = YES;
				CLANG_WARN_CONSTANT_CONVERSION = YES;
				CLANG_WARN_DEPRECATED_OBJC_IMPLEMENTATIONS = YES;
				CLANG_WARN_DIRECT_OBJC_ISA_USAGE = YES_ERROR;
				CLANG_WARN_DOCUMENTATION_COMMENTS = YES;
				CLANG_WARN_EMPTY_BODY = YES;
				CLANG_WARN_ENUM_CONVERSION = YES;
				CLANG_WARN_INFINITE_RECURSION = YES;
				CLANG_WARN_INT_CONVERSION = YES;
				CLANG_WARN_NON_LITERAL_NULL_CONVERSION = YES;
				CLANG_WARN_OBJC_IMPLICIT_RETAIN_SELF = YES;
				CLANG_WARN_OBJC_LITERAL_CONVERSION = YES;
				CLANG_WARN_OBJC_ROOT_CLASS = YES_ERROR;
				CLANG_WARN_RANGE_LOOP_ANALYSIS = YES;
				CLANG_WARN_STRICT_PROTOTYPES = YES;
				CLANG_WARN_SUSPICIOUS_MOVE = YES;
				CLANG_WARN_UNGUARDED_AVAILABILITY = YES_AGGRESSIVE;
				CLANG_WARN_UNREACHABLE_CODE = YES;
				CLANG_WARN__DUPLICATE_METHOD_MATCH = YES;
				COPY_PHASE_STRIP = NO;
				DEBUG_INFORMATION_FORMAT = dwarf;
				ENABLE_STRICT_OBJC_MSGSEND = YES;
				ENABLE_TESTABILITY = YES;
				GCC_C_LANGUAGE_STANDARD = gnu11;
				GCC_DYNAMIC_NO_PIC = NO;
				GCC_NO_COMMON_BLOCKS = YES;
				GCC_OPTIMIZATION_LEVEL = 0;
				GCC_PREPROCESSOR_DEFINITIONS = (
					"DEBUG=1",
					"$(inherited)",
				);
				GCC_WARN_64_TO_32_BIT_CONVERSION = YES;
				GCC_WARN_ABOUT_RETURN_TYPE = YES_ERROR;
				GCC_WARN_UNDECLARED_SELECTOR = YES;
				GCC_WARN_UNINITIALIZED_AUTOS = YES_AGGRESSIVE;
				GCC_WARN_UNUSED_FUNCTION = YES;
				GCC_WARN_UNUSED_VARIABLE = YES;
				IPHONEOS_DEPLOYMENT_TARGET = 13.2;
				MTL_ENABLE_DEBUG_INFO = INCLUDE_SOURCE;
				MTL_FAST_MATH = YES;
				ONLY_ACTIVE_ARCH = YES;
				SDKROOT = iphoneos;
				SWIFT_ACTIVE_COMPILATION_CONDITIONS = DEBUG;
				SWIFT_OPTIMIZATION_LEVEL = "-Onone";
			};
			name = Debug;
		};
		2D52C47A23C31C7F00AEB8B4 /* Release */ = {
			isa = XCBuildConfiguration;
			buildSettings = {
				ALWAYS_SEARCH_USER_PATHS = NO;
				CLANG_ANALYZER_NONNULL = YES;
				CLANG_ANALYZER_NUMBER_OBJECT_CONVERSION = YES_AGGRESSIVE;
				CLANG_CXX_LANGUAGE_STANDARD = "gnu++14";
				CLANG_CXX_LIBRARY = "libc++";
				CLANG_ENABLE_MODULES = YES;
				CLANG_ENABLE_OBJC_ARC = YES;
				CLANG_ENABLE_OBJC_WEAK = YES;
				CLANG_WARN_BLOCK_CAPTURE_AUTORELEASING = YES;
				CLANG_WARN_BOOL_CONVERSION = YES;
				CLANG_WARN_COMMA = YES;
				CLANG_WARN_CONSTANT_CONVERSION = YES;
				CLANG_WARN_DEPRECATED_OBJC_IMPLEMENTATIONS = YES;
				CLANG_WARN_DIRECT_OBJC_ISA_USAGE = YES_ERROR;
				CLANG_WARN_DOCUMENTATION_COMMENTS = YES;
				CLANG_WARN_EMPTY_BODY = YES;
				CLANG_WARN_ENUM_CONVERSION = YES;
				CLANG_WARN_INFINITE_RECURSION = YES;
				CLANG_WARN_INT_CONVERSION = YES;
				CLANG_WARN_NON_LITERAL_NULL_CONVERSION = YES;
				CLANG_WARN_OBJC_IMPLICIT_RETAIN_SELF = YES;
				CLANG_WARN_OBJC_LITERAL_CONVERSION = YES;
				CLANG_WARN_OBJC_ROOT_CLASS = YES_ERROR;
				CLANG_WARN_RANGE_LOOP_ANALYSIS = YES;
				CLANG_WARN_STRICT_PROTOTYPES = YES;
				CLANG_WARN_SUSPICIOUS_MOVE = YES;
				CLANG_WARN_UNGUARDED_AVAILABILITY = YES_AGGRESSIVE;
				CLANG_WARN_UNREACHABLE_CODE = YES;
				CLANG_WARN__DUPLICATE_METHOD_MATCH = YES;
				COPY_PHASE_STRIP = NO;
				DEBUG_INFORMATION_FORMAT = "dwarf-with-dsym";
				ENABLE_NS_ASSERTIONS = NO;
				ENABLE_STRICT_OBJC_MSGSEND = YES;
				GCC_C_LANGUAGE_STANDARD = gnu11;
				GCC_NO_COMMON_BLOCKS = YES;
				GCC_WARN_64_TO_32_BIT_CONVERSION = YES;
				GCC_WARN_ABOUT_RETURN_TYPE = YES_ERROR;
				GCC_WARN_UNDECLARED_SELECTOR = YES;
				GCC_WARN_UNINITIALIZED_AUTOS = YES_AGGRESSIVE;
				GCC_WARN_UNUSED_FUNCTION = YES;
				GCC_WARN_UNUSED_VARIABLE = YES;
				IPHONEOS_DEPLOYMENT_TARGET = 13.2;
				MTL_ENABLE_DEBUG_INFO = NO;
				MTL_FAST_MATH = YES;
				SDKROOT = iphoneos;
				SWIFT_COMPILATION_MODE = wholemodule;
				SWIFT_OPTIMIZATION_LEVEL = "-O";
				VALIDATE_PRODUCT = YES;
			};
			name = Release;
		};
		2D52C47C23C31C7F00AEB8B4 /* Debug */ = {
			isa = XCBuildConfiguration;
			buildSettings = {
				ASSETCATALOG_COMPILER_APPICON_NAME = AppIcon;
				CODE_SIGN_STYLE = Automatic;
				DEVELOPMENT_TEAM = 2FL8ZP2EU5;
				INFOPLIST_FILE = PlayerSample/Info.plist;
				LD_RUNPATH_SEARCH_PATHS = (
					"$(inherited)",
					"@executable_path/Frameworks",
				);
				PRODUCT_BUNDLE_IDENTIFIER = dev.imamurh.PlayerSample;
				PRODUCT_NAME = "$(TARGET_NAME)";
				SWIFT_VERSION = 5.0;
				TARGETED_DEVICE_FAMILY = "1,2";
			};
			name = Debug;
		};
		2D52C47D23C31C7F00AEB8B4 /* Release */ = {
			isa = XCBuildConfiguration;
			buildSettings = {
				ASSETCATALOG_COMPILER_APPICON_NAME = AppIcon;
				CODE_SIGN_STYLE = Automatic;
				DEVELOPMENT_TEAM = 2FL8ZP2EU5;
				INFOPLIST_FILE = PlayerSample/Info.plist;
				LD_RUNPATH_SEARCH_PATHS = (
					"$(inherited)",
					"@executable_path/Frameworks",
				);
				PRODUCT_BUNDLE_IDENTIFIER = dev.imamurh.PlayerSample;
				PRODUCT_NAME = "$(TARGET_NAME)";
				SWIFT_VERSION = 5.0;
				TARGETED_DEVICE_FAMILY = "1,2";
			};
			name = Release;
		};
/* End XCBuildConfiguration section */

/* Begin XCConfigurationList section */
		2D52C46223C31C7D00AEB8B4 /* Build configuration list for PBXProject "PlayerSample" */ = {
			isa = XCConfigurationList;
			buildConfigurations = (
				2D52C47923C31C7F00AEB8B4 /* Debug */,
				2D52C47A23C31C7F00AEB8B4 /* Release */,
			);
			defaultConfigurationIsVisible = 0;
			defaultConfigurationName = Release;
		};
		2D52C47B23C31C7F00AEB8B4 /* Build configuration list for PBXNativeTarget "PlayerSample" */ = {
			isa = XCConfigurationList;
			buildConfigurations = (
				2D52C47C23C31C7F00AEB8B4 /* Debug */,
				2D52C47D23C31C7F00AEB8B4 /* Release */,
			);
			defaultConfigurationIsVisible = 0;
			defaultConfigurationName = Release;
		};
/* End XCConfigurationList section */
	};
	rootObject = 2D52C45F23C31C7D00AEB8B4 /* Project object */;
}
